// !$*UTF8*$!
{
	archiveVersion = 1;
	classes = {
	};
	objectVersion = 48;
	objects = {

/* Begin PBXBuildFile section */
		57FEB7F11BCAF818C5F24D9F /* Pods_AV_Foundation.framework in Frameworks */ = {isa = PBXBuildFile; fileRef = 4F0064D21849E20C438319C1 /* Pods_AV_Foundation.framework */; };
		D74FDDB720318D7B00D52AC3 /* AppDelegate+AVSessionConfig.swift in Sources */ = {isa = PBXBuildFile; fileRef = D74FDDB620318D7B00D52AC3 /* AppDelegate+AVSessionConfig.swift */; };
		D75DAF8B20316FB4009603C7 /* AppDelegate.swift in Sources */ = {isa = PBXBuildFile; fileRef = D75DAF8A20316FB4009603C7 /* AppDelegate.swift */; };
		D75DAF8D20316FB4009603C7 /* ViewController.swift in Sources */ = {isa = PBXBuildFile; fileRef = D75DAF8C20316FB4009603C7 /* ViewController.swift */; };
		D75DAF9020316FB4009603C7 /* Main.storyboard in Resources */ = {isa = PBXBuildFile; fileRef = D75DAF8E20316FB4009603C7 /* Main.storyboard */; };
		D75DAF9220316FB4009603C7 /* Assets.xcassets in Resources */ = {isa = PBXBuildFile; fileRef = D75DAF9120316FB4009603C7 /* Assets.xcassets */; };
		D75DAF9520316FB4009603C7 /* LaunchScreen.storyboard in Resources */ = {isa = PBXBuildFile; fileRef = D75DAF9320316FB4009603C7 /* LaunchScreen.storyboard */; };
		D75DAF9F20316FFC009603C7 /* RootTableViewController.swift in Sources */ = {isa = PBXBuildFile; fileRef = D75DAF9E20316FFC009603C7 /* RootTableViewController.swift */; };
		D75DAFA220317245009603C7 /* SpeechViewController.swift in Sources */ = {isa = PBXBuildFile; fileRef = D75DAFA120317245009603C7 /* SpeechViewController.swift */; };
		D75DAFA420317303009603C7 /* Macro.swift in Sources */ = {isa = PBXBuildFile; fileRef = D75DAFA320317303009603C7 /* Macro.swift */; };
		D7883ECD2041135300C7BBDD /* 赵雷 - 成都.mp3 in Resources */ = {isa = PBXBuildFile; fileRef = D7883ECC2041135300C7BBDD /* 赵雷 - 成都.mp3 */; };
		D7883ECF204113A400C7BBDD /* AudioListsViewController.swift in Sources */ = {isa = PBXBuildFile; fileRef = D7883ECE204113A400C7BBDD /* AudioListsViewController.swift */; };
		D7883ED1204156E600C7BBDD /* 冯提莫 - 说散就散 - 冯提莫.mp3 in Resources */ = {isa = PBXBuildFile; fileRef = D7883ED0204156E600C7BBDD /* 冯提莫 - 说散就散 - 冯提莫.mp3 */; };
/* End PBXBuildFile section */

/* Begin PBXFileReference section */
		1640B7126ED428D97F98B891 /* Pods-AV-Foundation.debug.xcconfig */ = {isa = PBXFileReference; includeInIndex = 1; lastKnownFileType = text.xcconfig; name = "Pods-AV-Foundation.debug.xcconfig"; path = "Pods/Target Support Files/Pods-AV-Foundation/Pods-AV-Foundation.debug.xcconfig"; sourceTree = "<group>"; };
		189287832043A6AA00BC1B9D /* AVFoundation.md */ = {isa = PBXFileReference; lastKnownFileType = net.daringfireball.markdown; path = AVFoundation.md; sourceTree = "<group>"; };
		4F0064D21849E20C438319C1 /* Pods_AV_Foundation.framework */ = {isa = PBXFileReference; explicitFileType = wrapper.framework; includeInIndex = 0; path = Pods_AV_Foundation.framework; sourceTree = BUILT_PRODUCTS_DIR; };
		7D078795D32EA293C5AD5FC9 /* Pods-AV-Foundation.release.xcconfig */ = {isa = PBXFileReference; includeInIndex = 1; lastKnownFileType = text.xcconfig; name = "Pods-AV-Foundation.release.xcconfig"; path = "Pods/Target Support Files/Pods-AV-Foundation/Pods-AV-Foundation.release.xcconfig"; sourceTree = "<group>"; };
		D74FDDB620318D7B00D52AC3 /* AppDelegate+AVSessionConfig.swift */ = {isa = PBXFileReference; lastKnownFileType = sourcecode.swift; path = "AppDelegate+AVSessionConfig.swift"; sourceTree = "<group>"; };
		D75DAF8720316FB4009603C7 /* AV-Foundation.app */ = {isa = PBXFileReference; explicitFileType = wrapper.application; includeInIndex = 0; path = "AV-Foundation.app"; sourceTree = BUILT_PRODUCTS_DIR; };
		D75DAF8A20316FB4009603C7 /* AppDelegate.swift */ = {isa = PBXFileReference; lastKnownFileType = sourcecode.swift; path = AppDelegate.swift; sourceTree = "<group>"; };
		D75DAF8C20316FB4009603C7 /* ViewController.swift */ = {isa = PBXFileReference; lastKnownFileType = sourcecode.swift; path = ViewController.swift; sourceTree = "<group>"; };
		D75DAF8F20316FB4009603C7 /* Base */ = {isa = PBXFileReference; lastKnownFileType = file.storyboard; name = Base; path = Base.lproj/Main.storyboard; sourceTree = "<group>"; };
		D75DAF9120316FB4009603C7 /* Assets.xcassets */ = {isa = PBXFileReference; lastKnownFileType = folder.assetcatalog; path = Assets.xcassets; sourceTree = "<group>"; };
		D75DAF9420316FB4009603C7 /* Base */ = {isa = PBXFileReference; lastKnownFileType = file.storyboard; name = Base; path = Base.lproj/LaunchScreen.storyboard; sourceTree = "<group>"; };
		D75DAF9620316FB4009603C7 /* Info.plist */ = {isa = PBXFileReference; lastKnownFileType = text.plist.xml; path = Info.plist; sourceTree = "<group>"; };
		D75DAF9E20316FFC009603C7 /* RootTableViewController.swift */ = {isa = PBXFileReference; lastKnownFileType = sourcecode.swift; path = RootTableViewController.swift; sourceTree = "<group>"; };
		D75DAFA120317245009603C7 /* SpeechViewController.swift */ = {isa = PBXFileReference; lastKnownFileType = sourcecode.swift; path = SpeechViewController.swift; sourceTree = "<group>"; };
		D75DAFA320317303009603C7 /* Macro.swift */ = {isa = PBXFileReference; lastKnownFileType = sourcecode.swift; path = Macro.swift; sourceTree = "<group>"; };
		D7883ECC2041135300C7BBDD /* 赵雷 - 成都.mp3 */ = {isa = PBXFileReference; lastKnownFileType = audio.mp3; path = "赵雷 - 成都.mp3"; sourceTree = "<group>"; };
		D7883ECE204113A400C7BBDD /* AudioListsViewController.swift */ = {isa = PBXFileReference; lastKnownFileType = sourcecode.swift; path = AudioListsViewController.swift; sourceTree = "<group>"; };
		D7883ED0204156E600C7BBDD /* 冯提莫 - 说散就散 - 冯提莫.mp3 */ = {isa = PBXFileReference; lastKnownFileType = audio.mp3; path = "冯提莫 - 说散就散 - 冯提莫.mp3"; sourceTree = "<group>"; };
/* End PBXFileReference section */

/* Begin PBXFrameworksBuildPhase section */
		D75DAF8420316FB4009603C7 /* Frameworks */ = {
			isa = PBXFrameworksBuildPhase;
			buildActionMask = 2147483647;
			files = (
				57FEB7F11BCAF818C5F24D9F /* Pods_AV_Foundation.framework in Frameworks */,
			);
			runOnlyForDeploymentPostprocessing = 0;
		};
/* End PBXFrameworksBuildPhase section */

/* Begin PBXGroup section */
		5B3FC32E47538AC2245A1FB1 /* Pods */ = {
			isa = PBXGroup;
			children = (
				1640B7126ED428D97F98B891 /* Pods-AV-Foundation.debug.xcconfig */,
				7D078795D32EA293C5AD5FC9 /* Pods-AV-Foundation.release.xcconfig */,
			);
			name = Pods;
			sourceTree = "<group>";
		};
		65930AC20076DA4551450FD8 /* Frameworks */ = {
			isa = PBXGroup;
			children = (
				4F0064D21849E20C438319C1 /* Pods_AV_Foundation.framework */,
			);
			name = Frameworks;
			sourceTree = "<group>";
		};
		D75DAF7E20316FB4009603C7 = {
			isa = PBXGroup;
			children = (
				D75DAF8920316FB4009603C7 /* AV-Foundation */,
				D75DAF8820316FB4009603C7 /* Products */,
				5B3FC32E47538AC2245A1FB1 /* Pods */,
				65930AC20076DA4551450FD8 /* Frameworks */,
			);
			sourceTree = "<group>";
		};
		D75DAF8820316FB4009603C7 /* Products */ = {
			isa = PBXGroup;
			children = (
				D75DAF8720316FB4009603C7 /* AV-Foundation.app */,
			);
			name = Products;
			sourceTree = "<group>";
		};
		D75DAF8920316FB4009603C7 /* AV-Foundation */ = {
			isa = PBXGroup;
			children = (
				D7883ECB2041123500C7BBDD /* Source */,
				D75DAF8A20316FB4009603C7 /* AppDelegate.swift */,
				D74FDDB620318D7B00D52AC3 /* AppDelegate+AVSessionConfig.swift */,
				D75DAF9E20316FFC009603C7 /* RootTableViewController.swift */,
				D75DAFA020317016009603C7 /* Other */,
				D75DAF9120316FB4009603C7 /* Assets.xcassets */,
				D75DAFA320317303009603C7 /* Macro.swift */,
				D75DAF9620316FB4009603C7 /* Info.plist */,
				D75DAFA120317245009603C7 /* SpeechViewController.swift */,
				D7883ECE204113A400C7BBDD /* AudioListsViewController.swift */,
				189287832043A6AA00BC1B9D /* AVFoundation.md */,
			);
			path = "AV-Foundation";
			sourceTree = "<group>";
		};
		D75DAFA020317016009603C7 /* Other */ = {
			isa = PBXGroup;
			children = (
				D75DAF9320316FB4009603C7 /* LaunchScreen.storyboard */,
				D75DAF8C20316FB4009603C7 /* ViewController.swift */,
				D75DAF8E20316FB4009603C7 /* Main.storyboard */,
			);
			path = Other;
			sourceTree = "<group>";
		};
		D7883ECB2041123500C7BBDD /* Source */ = {
			isa = PBXGroup;
			children = (
				D7883ED0204156E600C7BBDD /* 冯提莫 - 说散就散 - 冯提莫.mp3 */,
				D7883ECC2041135300C7BBDD /* 赵雷 - 成都.mp3 */,
			);
			path = Source;
			sourceTree = "<group>";
		};
/* End PBXGroup section */

/* Begin PBXNativeTarget section */
		D75DAF8620316FB4009603C7 /* AV-Foundation */ = {
			isa = PBXNativeTarget;
			buildConfigurationList = D75DAF9920316FB4009603C7 /* Build configuration list for PBXNativeTarget "AV-Foundation" */;
			buildPhases = (
				B27D8C52626F03B7F38BFB89 /* [CP] Check Pods Manifest.lock */,
				D75DAF8320316FB4009603C7 /* Sources */,
				D75DAF8420316FB4009603C7 /* Frameworks */,
				D75DAF8520316FB4009603C7 /* Resources */,
				0653BEFA0304227285E10DF9 /* [CP] Embed Pods Frameworks */,
				1603E94F82787A0293740605 /* [CP] Copy Pods Resources */,
			);
			buildRules = (
			);
			dependencies = (
			);
			name = "AV-Foundation";
			productName = "AV-Foundation";
			productReference = D75DAF8720316FB4009603C7 /* AV-Foundation.app */;
			productType = "com.apple.product-type.application";
		};
/* End PBXNativeTarget section */

/* Begin PBXProject section */
		D75DAF7F20316FB4009603C7 /* Project object */ = {
			isa = PBXProject;
			attributes = {
				LastSwiftUpdateCheck = 0920;
				LastUpgradeCheck = 0920;
				ORGANIZATIONNAME = ZXL;
				TargetAttributes = {
					D75DAF8620316FB4009603C7 = {
						CreatedOnToolsVersion = 9.2;
						ProvisioningStyle = Automatic;
						SystemCapabilities = {
							com.apple.BackgroundModes = {
								enabled = 1;
							};
						};
					};
				};
			};
			buildConfigurationList = D75DAF8220316FB4009603C7 /* Build configuration list for PBXProject "AV-Foundation" */;
			compatibilityVersion = "Xcode 8.0";
			developmentRegion = en;
			hasScannedForEncodings = 0;
			knownRegions = (
				en,
				Base,
			);
			mainGroup = D75DAF7E20316FB4009603C7;
			productRefGroup = D75DAF8820316FB4009603C7 /* Products */;
			projectDirPath = "";
			projectRoot = "";
			targets = (
				D75DAF8620316FB4009603C7 /* AV-Foundation */,
			);
		};
/* End PBXProject section */

/* Begin PBXResourcesBuildPhase section */
		D75DAF8520316FB4009603C7 /* Resources */ = {
			isa = PBXResourcesBuildPhase;
			buildActionMask = 2147483647;
			files = (
				D7883ED1204156E600C7BBDD /* 冯提莫 - 说散就散 - 冯提莫.mp3 in Resources */,
				D75DAF9520316FB4009603C7 /* LaunchScreen.storyboard in Resources */,
				D75DAF9220316FB4009603C7 /* Assets.xcassets in Resources */,
				D75DAF9020316FB4009603C7 /* Main.storyboard in Resources */,
				D7883ECD2041135300C7BBDD /* 赵雷 - 成都.mp3 in Resources */,
			);
			runOnlyForDeploymentPostprocessing = 0;
		};
/* End PBXResourcesBuildPhase section */

/* Begin PBXShellScriptBuildPhase section */
		0653BEFA0304227285E10DF9 /* [CP] Embed Pods Frameworks */ = {
			isa = PBXShellScriptBuildPhase;
			buildActionMask = 2147483647;
			files = (
			);
			inputPaths = (
				"${SRCROOT}/Pods/Target Support Files/Pods-AV-Foundation/Pods-AV-Foundation-frameworks.sh",
				"${BUILT_PRODUCTS_DIR}/KDEAudioPlayer/KDEAudioPlayer.framework",
			);
			name = "[CP] Embed Pods Frameworks";
			outputPaths = (
				"${TARGET_BUILD_DIR}/${FRAMEWORKS_FOLDER_PATH}/KDEAudioPlayer.framework",
			);
			runOnlyForDeploymentPostprocessing = 0;
			shellPath = /bin/sh;
			shellScript = "\"${SRCROOT}/Pods/Target Support Files/Pods-AV-Foundation/Pods-AV-Foundation-frameworks.sh\"\n";
			showEnvVarsInLog = 0;
		};
		1603E94F82787A0293740605 /* [CP] Copy Pods Resources */ = {
			isa = PBXShellScriptBuildPhase;
			buildActionMask = 2147483647;
			files = (
			);
			inputPaths = (
			);
			name = "[CP] Copy Pods Resources";
			outputPaths = (
			);
			runOnlyForDeploymentPostprocessing = 0;
			shellPath = /bin/sh;
			shellScript = "\"${SRCROOT}/Pods/Target Support Files/Pods-AV-Foundation/Pods-AV-Foundation-resources.sh\"\n";
			showEnvVarsInLog = 0;
		};
		B27D8C52626F03B7F38BFB89 /* [CP] Check Pods Manifest.lock */ = {
			isa = PBXShellScriptBuildPhase;
			buildActionMask = 2147483647;
			files = (
			);
			inputPaths = (
				"${PODS_PODFILE_DIR_PATH}/Podfile.lock",
				"${PODS_ROOT}/Manifest.lock",
			);
			name = "[CP] Check Pods Manifest.lock";
			outputPaths = (
				"$(DERIVED_FILE_DIR)/Pods-AV-Foundation-checkManifestLockResult.txt",
			);
			runOnlyForDeploymentPostprocessing = 0;
			shellPath = /bin/sh;
			shellScript = "diff \"${PODS_PODFILE_DIR_PATH}/Podfile.lock\" \"${PODS_ROOT}/Manifest.lock\" > /dev/null\nif [ $? != 0 ] ; then\n    # print error to STDERR\n    echo \"error: The sandbox is not in sync with the Podfile.lock. Run 'pod install' or update your CocoaPods installation.\" >&2\n    exit 1\nfi\n# This output is used by Xcode 'outputs' to avoid re-running this script phase.\necho \"SUCCESS\" > \"${SCRIPT_OUTPUT_FILE_0}\"\n";
			showEnvVarsInLog = 0;
		};
/* End PBXShellScriptBuildPhase section */

/* Begin PBXSourcesBuildPhase section */
		D75DAF8320316FB4009603C7 /* Sources */ = {
			isa = PBXSourcesBuildPhase;
			buildActionMask = 2147483647;
			files = (
				D74FDDB720318D7B00D52AC3 /* AppDelegate+AVSessionConfig.swift in Sources */,
				D75DAFA220317245009603C7 /* SpeechViewController.swift in Sources */,
				D75DAF8D20316FB4009603C7 /* ViewController.swift in Sources */,
				D75DAF9F20316FFC009603C7 /* RootTableViewController.swift in Sources */,
				D7883ECF204113A400C7BBDD /* AudioListsViewController.swift in Sources */,
				D75DAF8B20316FB4009603C7 /* AppDelegate.swift in Sources */,
				D75DAFA420317303009603C7 /* Macro.swift in Sources */,
			);
			runOnlyForDeploymentPostprocessing = 0;
		};
/* End PBXSourcesBuildPhase section */

/* Begin PBXVariantGroup section */
		D75DAF8E20316FB4009603C7 /* Main.storyboard */ = {
			isa = PBXVariantGroup;
			children = (
				D75DAF8F20316FB4009603C7 /* Base */,
			);
			name = Main.storyboard;
			sourceTree = "<group>";
		};
		D75DAF9320316FB4009603C7 /* LaunchScreen.storyboard */ = {
			isa = PBXVariantGroup;
			children = (
				D75DAF9420316FB4009603C7 /* Base */,
			);
			name = LaunchScreen.storyboard;
			sourceTree = "<group>";
		};
/* End PBXVariantGroup section */

/* Begin XCBuildConfiguration section */
		D75DAF9720316FB4009603C7 /* Debug */ = {
			isa = XCBuildConfiguration;
			buildSettings = {
				ALWAYS_SEARCH_USER_PATHS = NO;
				CLANG_ANALYZER_NONNULL = YES;
				CLANG_ANALYZER_NUMBER_OBJECT_CONVERSION = YES_AGGRESSIVE;
				CLANG_CXX_LANGUAGE_STANDARD = "gnu++14";
				CLANG_CXX_LIBRARY = "libc++";
				CLANG_ENABLE_MODULES = YES;
				CLANG_ENABLE_OBJC_ARC = YES;
				CLANG_WARN_BLOCK_CAPTURE_AUTORELEASING = YES;
				CLANG_WARN_BOOL_CONVERSION = YES;
				CLANG_WARN_COMMA = YES;
				CLANG_WARN_CONSTANT_CONVERSION = YES;
				CLANG_WARN_DIRECT_OBJC_ISA_USAGE = YES_ERROR;
				CLANG_WARN_DOCUMENTATION_COMMENTS = YES;
				CLANG_WARN_EMPTY_BODY = YES;
				CLANG_WARN_ENUM_CONVERSION = YES;
				CLANG_WARN_INFINITE_RECURSION = YES;
				CLANG_WARN_INT_CONVERSION = YES;
				CLANG_WARN_NON_LITERAL_NULL_CONVERSION = YES;
				CLANG_WARN_OBJC_LITERAL_CONVERSION = YES;
				CLANG_WARN_OBJC_ROOT_CLASS = YES_ERROR;
				CLANG_WARN_RANGE_LOOP_ANALYSIS = YES;
				CLANG_WARN_STRICT_PROTOTYPES = YES;
				CLANG_WARN_SUSPICIOUS_MOVE = YES;
				CLANG_WARN_UNGUARDED_AVAILABILITY = YES_AGGRESSIVE;
				CLANG_WARN_UNREACHABLE_CODE = YES;
				CLANG_WARN__DUPLICATE_METHOD_MATCH = YES;
				CODE_SIGN_IDENTITY = "iPhone Developer";
				COPY_PHASE_STRIP = NO;
				DEBUG_INFORMATION_FORMAT = dwarf;
				ENABLE_STRICT_OBJC_MSGSEND = YES;
				ENABLE_TESTABILITY = YES;
				GCC_C_LANGUAGE_STANDARD = gnu11;
				GCC_DYNAMIC_NO_PIC = NO;
				GCC_NO_COMMON_BLOCKS = YES;
				GCC_OPTIMIZATION_LEVEL = 0;
				GCC_PREPROCESSOR_DEFINITIONS = (
					"DEBUG=1",
					"$(inherited)",
				);
				GCC_WARN_64_TO_32_BIT_CONVERSION = YES;
				GCC_WARN_ABOUT_RETURN_TYPE = YES_ERROR;
				GCC_WARN_UNDECLARED_SELECTOR = YES;
				GCC_WARN_UNINITIALIZED_AUTOS = YES_AGGRESSIVE;
				GCC_WARN_UNUSED_FUNCTION = YES;
				GCC_WARN_UNUSED_VARIABLE = YES;
				IPHONEOS_DEPLOYMENT_TARGET = 11.2;
				MTL_ENABLE_DEBUG_INFO = YES;
				ONLY_ACTIVE_ARCH = YES;
				SDKROOT = iphoneos;
				SWIFT_ACTIVE_COMPILATION_CONDITIONS = DEBUG;
				SWIFT_OPTIMIZATION_LEVEL = "-Onone";
			};
			name = Debug;
		};
		D75DAF9820316FB4009603C7 /* Release */ = {
			isa = XCBuildConfiguration;
			buildSettings = {
				ALWAYS_SEARCH_USER_PATHS = NO;
				CLANG_ANALYZER_NONNULL = YES;
				CLANG_ANALYZER_NUMBER_OBJECT_CONVERSION = YES_AGGRESSIVE;
				CLANG_CXX_LANGUAGE_STANDARD = "gnu++14";
				CLANG_CXX_LIBRARY = "libc++";
				CLANG_ENABLE_MODULES = YES;
				CLANG_ENABLE_OBJC_ARC = YES;
				CLANG_WARN_BLOCK_CAPTURE_AUTORELEASING = YES;
				CLANG_WARN_BOOL_CONVERSION = YES;
				CLANG_WARN_COMMA = YES;
				CLANG_WARN_CONSTANT_CONVERSION = YES;
				CLANG_WARN_DIRECT_OBJC_ISA_USAGE = YES_ERROR;
				CLANG_WARN_DOCUMENTATION_COMMENTS = YES;
				CLANG_WARN_EMPTY_BODY = YES;
				CLANG_WARN_ENUM_CONVERSION = YES;
				CLANG_WARN_INFINITE_RECURSION = YES;
				CLANG_WARN_INT_CONVERSION = YES;
				CLANG_WARN_NON_LITERAL_NULL_CONVERSION = YES;
				CLANG_WARN_OBJC_LITERAL_CONVERSION = YES;
				CLANG_WARN_OBJC_ROOT_CLASS = YES_ERROR;
				CLANG_WARN_RANGE_LOOP_ANALYSIS = YES;
				CLANG_WARN_STRICT_PROTOTYPES = YES;
				CLANG_WARN_SUSPICIOUS_MOVE = YES;
				CLANG_WARN_UNGUARDED_AVAILABILITY = YES_AGGRESSIVE;
				CLANG_WARN_UNREACHABLE_CODE = YES;
				CLANG_WARN__DUPLICATE_METHOD_MATCH = YES;
				CODE_SIGN_IDENTITY = "iPhone Developer";
				COPY_PHASE_STRIP = NO;
				DEBUG_INFORMATION_FORMAT = "dwarf-with-dsym";
				ENABLE_NS_ASSERTIONS = NO;
				ENABLE_STRICT_OBJC_MSGSEND = YES;
				GCC_C_LANGUAGE_STANDARD = gnu11;
				GCC_NO_COMMON_BLOCKS = YES;
				GCC_WARN_64_TO_32_BIT_CONVERSION = YES;
				GCC_WARN_ABOUT_RETURN_TYPE = YES_ERROR;
				GCC_WARN_UNDECLARED_SELECTOR = YES;
				GCC_WARN_UNINITIALIZED_AUTOS = YES_AGGRESSIVE;
				GCC_WARN_UNUSED_FUNCTION = YES;
				GCC_WARN_UNUSED_VARIABLE = YES;
				IPHONEOS_DEPLOYMENT_TARGET = 11.2;
				MTL_ENABLE_DEBUG_INFO = NO;
				SDKROOT = iphoneos;
				SWIFT_OPTIMIZATION_LEVEL = "-Owholemodule";
				VALIDATE_PRODUCT = YES;
			};
			name = Release;
		};
		D75DAF9A20316FB4009603C7 /* Debug */ = {
			isa = XCBuildConfiguration;
			baseConfigurationReference = 1640B7126ED428D97F98B891 /* Pods-AV-Foundation.debug.xcconfig */;
			buildSettings = {
				ASSETCATALOG_COMPILER_APPICON_NAME = AppIcon;
				CODE_SIGN_STYLE = Automatic;
				DEVELOPMENT_TEAM = 5836W9K38T;
				FRAMEWORK_SEARCH_PATHS = (
					"$(inherited)",
					"$(PROJECT_DIR)/AV-Foundation/Framework",
				);
				INFOPLIST_FILE = "AV-Foundation/Info.plist";
				IPHONEOS_DEPLOYMENT_TARGET = 9.0;
				LD_RUNPATH_SEARCH_PATHS = "$(inherited) @executable_path/Frameworks";
				PRODUCT_BUNDLE_IDENTIFIER = "com.zxl.AV-Foundation";
				PRODUCT_NAME = "$(TARGET_NAME)";
				SWIFT_VERSION = 4.0;
				TARGETED_DEVICE_FAMILY = "1,2";
			};
			name = Debug;
		};
		D75DAF9B20316FB4009603C7 /* Release */ = {
			isa = XCBuildConfiguration;
			baseConfigurationReference = 7D078795D32EA293C5AD5FC9 /* Pods-AV-Foundation.release.xcconfig */;
			buildSettings = {
				ASSETCATALOG_COMPILER_APPICON_NAME = AppIcon;
				CODE_SIGN_STYLE = Automatic;
				DEVELOPMENT_TEAM = 5836W9K38T;
				FRAMEWORK_SEARCH_PATHS = (
					"$(inherited)",
					"$(PROJECT_DIR)/AV-Foundation/Framework",
				);
				INFOPLIST_FILE = "AV-Foundation/Info.plist";
				IPHONEOS_DEPLOYMENT_TARGET = 9.0;
				LD_RUNPATH_SEARCH_PATHS = "$(inherited) @executable_path/Frameworks";
				PRODUCT_BUNDLE_IDENTIFIER = "com.zxl.AV-Foundation";
				PRODUCT_NAME = "$(TARGET_NAME)";
				SWIFT_VERSION = 4.0;
				TARGETED_DEVICE_FAMILY = "1,2";
			};
			name = Release;
		};
/* End XCBuildConfiguration section */

/* Begin XCConfigurationList section */
		D75DAF8220316FB4009603C7 /* Build configuration list for PBXProject "AV-Foundation" */ = {
			isa = XCConfigurationList;
			buildConfigurations = (
				D75DAF9720316FB4009603C7 /* Debug */,
				D75DAF9820316FB4009603C7 /* Release */,
			);
			defaultConfigurationIsVisible = 0;
			defaultConfigurationName = Release;
		};
		D75DAF9920316FB4009603C7 /* Build configuration list for PBXNativeTarget "AV-Foundation" */ = {
			isa = XCConfigurationList;
			buildConfigurations = (
				D75DAF9A20316FB4009603C7 /* Debug */,
				D75DAF9B20316FB4009603C7 /* Release */,
			);
			defaultConfigurationIsVisible = 0;
			defaultConfigurationName = Release;
		};
/* End XCConfigurationList section */
	};
	rootObject = D75DAF7F20316FB4009603C7 /* Project object */;
}
